
Microsoft Visual Studio Solution File, Format Version 12.00
# Visual Studio Version 16
VisualStudioVersion = 16.0.34601.136
MinimumVisualStudioVersion = 10.0.40219.1
Project("{FAE04EC0-301F-11D3-BF4B-00C04F79EFBC}") = "ProjectBookShelf", "ProjectBookShelf\ProjectBookShelf.csproj", "{FEB9011B-4F78-4565-85B2-49B6C9E1D8EE}"
EndProject
Global
	GlobalSection(SolutionConfigurationPlatforms) = preSolution
		Debug|Any CPU = Debug|Any CPU
		Release|Any CPU = Release|Any CPU
	EndGlobalSection
	GlobalSection(ProjectConfigurationPlatforms) = postSolution
		{FEB9011B-4F78-4565-85B2-49B6C9E1D8EE}.Debug|Any CPU.ActiveCfg = Debug|Any CPU
		{FEB9011B-4F78-4565-85B2-49B6C9E1D8EE}.Debug|Any CPU.Build.0 = Debug|Any CPU
		{FEB9011B-4F78-4565-85B2-49B6C9E1D8EE}.Release|Any CPU.ActiveCfg = Release|Any CPU
		{FEB9011B-4F78-4565-85B2-49B6C9E1D8EE}.Release|Any CPU.Build.0 = Release|Any CPU
	EndGlobalSection
	GlobalSection(SolutionProperties) = preSolution
		HideSolutionNode = FALSE
	EndGlobalSection
	GlobalSection(ExtensibilityGlobals) = postSolution
		SolutionGuid = {400156B2-9644-4958-8CC9-8E7646DDD5B2}
	EndGlobalSection
EndGlobal
